
Microsoft Visual Studio Solution File, Format Version 12.00
# Visual Studio Version 17
VisualStudioVersion = 17.14.37328.6 d17.14
MinimumVisualStudioVersion = 10.0.40219.1
Project("{FAE04EC0-301F-11D3-BF4B-00C04F79EFBC}") = "StudentRecordSystem", "StudentRecordSystem.csproj", "{C949A5FE-A22E-3653-D0E4-312414A7A10A}"
EndProject
Global
	GlobalSection(SolutionConfigurationPlatforms) = preSolution
		Debug|Any CPU = Debug|Any CPU
		Release|Any CPU = Release|Any CPU
	EndGlobalSection
	GlobalSection(ProjectConfigurationPlatforms) = postSolution
		{C949A5FE-A22E-3653-D0E4-312414A7A10A}.Debug|Any CPU.ActiveCfg = Debug|Any CPU
		{C949A5FE-A22E-3653-D0E4-312414A7A10A}.Debug|Any CPU.Build.0 = Debug|Any CPU
		{C949A5FE-A22E-3653-D0E4-312414A7A10A}.Release|Any CPU.ActiveCfg = Release|Any CPU
		{C949A5FE-A22E-3653-D0E4-312414A7A10A}.Release|Any CPU.Build.0 = Release|Any CPU
	EndGlobalSection
	GlobalSection(SolutionProperties) = preSolution
		HideSolutionNode = FALSE
	EndGlobalSection
	GlobalSection(ExtensibilityGlobals) = postSolution
		SolutionGuid = {49BA41F0-CE87-40EF-A073-B3B192528349}
	EndGlobalSection
EndGlobal
